
Microsoft Visual Studio Solution File, Format Version 12.00
# Visual Studio 14
VisualStudioVersion = 14.0.25420.1
MinimumVisualStudioVersion = 10.0.40219.1
Project("{FAE04EC0-301F-11D3-BF4B-00C04F79EFBC}") = "01.Distance", "01.Distance\01.Distance.csproj", "{83243F63-0E8E-4AC9-AEBA-3886BACAAFA6}"
EndProject
Project("{FAE04EC0-301F-11D3-BF4B-00C04F79EFBC}") = "02.ChangeTiles", "02.ChangeTiles\02.ChangeTiles.csproj", "{95C9DDB5-9FA0-40B2-A52A-A186CE970D42}"
EndProject
Project("{FAE04EC0-301F-11D3-BF4B-00C04F79EFBC}") = "03.Flowers", "03.Flowers\03.Flowers.csproj", "{EF3B64CE-9B7E-41F0-9463-C9DA9BA1D5F8}"
EndProject
Project("{FAE04EC0-301F-11D3-BF4B-00C04F79EFBC}") = "04.Grades", "04.Grades\04.Grades.csproj", "{859B34A6-B7E4-4225-9D36-E0EDE291A56F}"
EndProject
Project("{FAE04EC0-301F-11D3-BF4B-00C04F79EFBC}") = "05.ChristmasHat", "05.ChristmasHat\05.ChristmasHat.csproj", "{BB8F42DA-D1E4-4A37-9B1A-B818E578EC19}"
EndProject
Project("{FAE04EC0-301F-11D3-BF4B-00C04F79EFBC}") = "06.LettersCombinations", "06.LettersCombinations\06.LettersCombinations.csproj", "{BD2C2523-F1EB-4ABB-9E13-11641F06A986}"
EndProject
Global
	GlobalSection(SolutionConfigurationPlatforms) = preSolution
		Debug|Any CPU = Debug|Any CPU
		Release|Any CPU = Release|Any CPU
	EndGlobalSection
	GlobalSection(ProjectConfigurationPlatforms) = postSolution
		{83243F63-0E8E-4AC9-AEBA-3886BACAAFA6}.Debug|Any CPU.ActiveCfg = Debug|Any CPU
		{83243F63-0E8E-4AC9-AEBA-3886BACAAFA6}.Debug|Any CPU.Build.0 = Debug|Any CPU
		{83243F63-0E8E-4AC9-AEBA-3886BACAAFA6}.Release|Any CPU.ActiveCfg = Release|Any CPU
		{83243F63-0E8E-4AC9-AEBA-3886BACAAFA6}.Release|Any CPU.Build.0 = Release|Any CPU
		{95C9DDB5-9FA0-40B2-A52A-A186CE970D42}.Debug|Any CPU.ActiveCfg = Debug|Any CPU
		{95C9DDB5-9FA0-40B2-A52A-A186CE970D42}.Debug|Any CPU.Build.0 = Debug|Any CPU
		{95C9DDB5-9FA0-40B2-A52A-A186CE970D42}.Release|Any CPU.ActiveCfg = Release|Any CPU
		{95C9DDB5-9FA0-40B2-A52A-A186CE970D42}.Release|Any CPU.Build.0 = Release|Any CPU
		{EF3B64CE-9B7E-41F0-9463-C9DA9BA1D5F8}.Debug|Any CPU.ActiveCfg = Debug|Any CPU
		{EF3B64CE-9B7E-41F0-9463-C9DA9BA1D5F8}.Debug|Any CPU.Build.0 = Debug|Any CPU
		{EF3B64CE-9B7E-41F0-9463-C9DA9BA1D5F8}.Release|Any CPU.ActiveCfg = Release|Any CPU
		{EF3B64CE-9B7E-41F0-9463-C9DA9BA1D5F8}.Release|Any CPU.Build.0 = Release|Any CPU
		{859B34A6-B7E4-4225-9D36-E0EDE291A56F}.Debug|Any CPU.ActiveCfg = Debug|Any CPU
		{859B34A6-B7E4-4225-9D36-E0EDE291A56F}.Debug|Any CPU.Build.0 = Debug|Any CPU
		{859B34A6-B7E4-4225-9D36-E0EDE291A56F}.Release|Any CPU.ActiveCfg = Release|Any CPU
		{859B34A6-B7E4-4225-9D36-E0EDE291A56F}.Release|Any CPU.Build.0 = Release|Any CPU
		{BB8F42DA-D1E4-4A37-9B1A-B818E578EC19}.Debug|Any CPU.ActiveCfg = Debug|Any CPU
		{BB8F42DA-D1E4-4A37-9B1A-B818E578EC19}.Debug|Any CPU.Build.0 = Debug|Any CPU
		{BB8F42DA-D1E4-4A37-9B1A-B818E578EC19}.Release|Any CPU.ActiveCfg = Release|Any CPU
		{BB8F42DA-D1E4-4A37-9B1A-B818E578EC19}.Release|Any CPU.Build.0 = Release|Any CPU
		{BD2C2523-F1EB-4ABB-9E13-11641F06A986}.Debug|Any CPU.ActiveCfg = Debug|Any CPU
		{BD2C2523-F1EB-4ABB-9E13-11641F06A986}.Debug|Any CPU.Build.0 = Debug|Any CPU
		{BD2C2523-F1EB-4ABB-9E13-11641F06A986}.Release|Any CPU.ActiveCfg = Release|Any CPU
		{BD2C2523-F1EB-4ABB-9E13-11641F06A986}.Release|Any CPU.Build.0 = Release|Any CPU
	EndGlobalSection
	GlobalSection(SolutionProperties) = preSolution
		HideSolutionNode = FALSE
	EndGlobalSection
EndGlobal
