
Microsoft Visual Studio Solution File, Format Version 12.00
# Visual Studio 14
VisualStudioVersion = 14.0.25420.1
MinimumVisualStudioVersion = 10.0.40219.1
Project("{FAE04EC0-301F-11D3-BF4B-00C04F79EFBC}") = "01.SinoTheWalker", "01.SinoTheWalker\01.SinoTheWalker.csproj", "{9E3702DF-DECE-431A-AEF0-AA996A233C92}"
EndProject
Project("{FAE04EC0-301F-11D3-BF4B-00C04F79EFBC}") = "02.SoftUniKaraoke", "02.SoftUniKaraoke\02.SoftUniKaraoke.csproj", "{D44D33B7-E948-4259-B551-4128C24068E6}"
EndProject
Project("{FAE04EC0-301F-11D3-BF4B-00C04F79EFBC}") = "03.EnduranceRally", "03.EnduranceRally\03.EnduranceRally.csproj", "{ABCBFF03-47B5-461E-B279-29E591C81BBB}"
EndProject
Project("{FAE04EC0-301F-11D3-BF4B-00C04F79EFBC}") = "04.WinningTicket", "04.WinningTicket\04.WinningTicket.csproj", "{690D8EAA-77B9-4D26-BA50-63CB34636B7C}"
EndProject
Global
	GlobalSection(SolutionConfigurationPlatforms) = preSolution
		Debug|Any CPU = Debug|Any CPU
		Release|Any CPU = Release|Any CPU
	EndGlobalSection
	GlobalSection(ProjectConfigurationPlatforms) = postSolution
		{9E3702DF-DECE-431A-AEF0-AA996A233C92}.Debug|Any CPU.ActiveCfg = Debug|Any CPU
		{9E3702DF-DECE-431A-AEF0-AA996A233C92}.Debug|Any CPU.Build.0 = Debug|Any CPU
		{9E3702DF-DECE-431A-AEF0-AA996A233C92}.Release|Any CPU.ActiveCfg = Release|Any CPU
		{9E3702DF-DECE-431A-AEF0-AA996A233C92}.Release|Any CPU.Build.0 = Release|Any CPU
		{D44D33B7-E948-4259-B551-4128C24068E6}.Debug|Any CPU.ActiveCfg = Debug|Any CPU
		{D44D33B7-E948-4259-B551-4128C24068E6}.Debug|Any CPU.Build.0 = Debug|Any CPU
		{D44D33B7-E948-4259-B551-4128C24068E6}.Release|Any CPU.ActiveCfg = Release|Any CPU
		{D44D33B7-E948-4259-B551-4128C24068E6}.Release|Any CPU.Build.0 = Release|Any CPU
		{ABCBFF03-47B5-461E-B279-29E591C81BBB}.Debug|Any CPU.ActiveCfg = Debug|Any CPU
		{ABCBFF03-47B5-461E-B279-29E591C81BBB}.Debug|Any CPU.Build.0 = Debug|Any CPU
		{ABCBFF03-47B5-461E-B279-29E591C81BBB}.Release|Any CPU.ActiveCfg = Release|Any CPU
		{ABCBFF03-47B5-461E-B279-29E591C81BBB}.Release|Any CPU.Build.0 = Release|Any CPU
		{690D8EAA-77B9-4D26-BA50-63CB34636B7C}.Debug|Any CPU.ActiveCfg = Debug|Any CPU
		{690D8EAA-77B9-4D26-BA50-63CB34636B7C}.Debug|Any CPU.Build.0 = Debug|Any CPU
		{690D8EAA-77B9-4D26-BA50-63CB34636B7C}.Release|Any CPU.ActiveCfg = Release|Any CPU
		{690D8EAA-77B9-4D26-BA50-63CB34636B7C}.Release|Any CPU.Build.0 = Release|Any CPU
	EndGlobalSection
	GlobalSection(SolutionProperties) = preSolution
		HideSolutionNode = FALSE
	EndGlobalSection
EndGlobal
