
Microsoft Visual Studio Solution File, Format Version 12.00
# Visual Studio 14
VisualStudioVersion = 14.0.25420.1
MinimumVisualStudioVersion = 10.0.40219.1
Project("{FAE04EC0-301F-11D3-BF4B-00C04F79EFBC}") = "1.HelloC", "1.HelloC\1.HelloC.csproj", "{B2C0A3E6-5DFA-4AAD-972D-3FC12F3F8E93}"
EndProject
Project("{FAE04EC0-301F-11D3-BF4B-00C04F79EFBC}") = "02.Expression", "02.Expression\02.Expression.csproj", "{A3A96FA1-2266-41D8-AF8A-711E4D918C94}"
EndProject
Project("{FAE04EC0-301F-11D3-BF4B-00C04F79EFBC}") = "3.Nums 1...20", "3.Nums 1...20\3.Nums 1...20.csproj", "{0A4611D2-F8B7-41E7-9936-E47CED3FE58A}"
EndProject
Project("{FAE04EC0-301F-11D3-BF4B-00C04F79EFBC}") = "4.TriangleOf55Stars", "4.TriangleOf55Stars\4.TriangleOf55Stars.csproj", "{BB554837-78AA-4CB7-A8F6-32F5E6A57F66}"
EndProject
Project("{FAE04EC0-301F-11D3-BF4B-00C04F79EFBC}") = "05.RectangleArea", "05.RectangleArea\05.RectangleArea.csproj", "{80C6F223-3066-4114-BC33-7167EA5CA54F}"
EndProject
Project("{FAE04EC0-301F-11D3-BF4B-00C04F79EFBC}") = "06.SquareOfStars", "06.SquareOfStars\06.SquareOfStars.csproj", "{9CEFD4C5-C262-4950-B1D5-F05A4694E7BE}"
EndProject
Global
	GlobalSection(SolutionConfigurationPlatforms) = preSolution
		Debug|Any CPU = Debug|Any CPU
		Release|Any CPU = Release|Any CPU
	EndGlobalSection
	GlobalSection(ProjectConfigurationPlatforms) = postSolution
		{B2C0A3E6-5DFA-4AAD-972D-3FC12F3F8E93}.Debug|Any CPU.ActiveCfg = Debug|Any CPU
		{B2C0A3E6-5DFA-4AAD-972D-3FC12F3F8E93}.Debug|Any CPU.Build.0 = Debug|Any CPU
		{B2C0A3E6-5DFA-4AAD-972D-3FC12F3F8E93}.Release|Any CPU.ActiveCfg = Release|Any CPU
		{B2C0A3E6-5DFA-4AAD-972D-3FC12F3F8E93}.Release|Any CPU.Build.0 = Release|Any CPU
		{A3A96FA1-2266-41D8-AF8A-711E4D918C94}.Debug|Any CPU.ActiveCfg = Debug|Any CPU
		{A3A96FA1-2266-41D8-AF8A-711E4D918C94}.Debug|Any CPU.Build.0 = Debug|Any CPU
		{A3A96FA1-2266-41D8-AF8A-711E4D918C94}.Release|Any CPU.ActiveCfg = Release|Any CPU
		{A3A96FA1-2266-41D8-AF8A-711E4D918C94}.Release|Any CPU.Build.0 = Release|Any CPU
		{0A4611D2-F8B7-41E7-9936-E47CED3FE58A}.Debug|Any CPU.ActiveCfg = Debug|Any CPU
		{0A4611D2-F8B7-41E7-9936-E47CED3FE58A}.Debug|Any CPU.Build.0 = Debug|Any CPU
		{0A4611D2-F8B7-41E7-9936-E47CED3FE58A}.Release|Any CPU.ActiveCfg = Release|Any CPU
		{0A4611D2-F8B7-41E7-9936-E47CED3FE58A}.Release|Any CPU.Build.0 = Release|Any CPU
		{BB554837-78AA-4CB7-A8F6-32F5E6A57F66}.Debug|Any CPU.ActiveCfg = Debug|Any CPU
		{BB554837-78AA-4CB7-A8F6-32F5E6A57F66}.Debug|Any CPU.Build.0 = Debug|Any CPU
		{BB554837-78AA-4CB7-A8F6-32F5E6A57F66}.Release|Any CPU.ActiveCfg = Release|Any CPU
		{BB554837-78AA-4CB7-A8F6-32F5E6A57F66}.Release|Any CPU.Build.0 = Release|Any CPU
		{80C6F223-3066-4114-BC33-7167EA5CA54F}.Debug|Any CPU.ActiveCfg = Debug|Any CPU
		{80C6F223-3066-4114-BC33-7167EA5CA54F}.Debug|Any CPU.Build.0 = Debug|Any CPU
		{80C6F223-3066-4114-BC33-7167EA5CA54F}.Release|Any CPU.ActiveCfg = Release|Any CPU
		{80C6F223-3066-4114-BC33-7167EA5CA54F}.Release|Any CPU.Build.0 = Release|Any CPU
		{9CEFD4C5-C262-4950-B1D5-F05A4694E7BE}.Debug|Any CPU.ActiveCfg = Debug|Any CPU
		{9CEFD4C5-C262-4950-B1D5-F05A4694E7BE}.Debug|Any CPU.Build.0 = Debug|Any CPU
		{9CEFD4C5-C262-4950-B1D5-F05A4694E7BE}.Release|Any CPU.ActiveCfg = Release|Any CPU
		{9CEFD4C5-C262-4950-B1D5-F05A4694E7BE}.Release|Any CPU.Build.0 = Release|Any CPU
	EndGlobalSection
	GlobalSection(SolutionProperties) = preSolution
		HideSolutionNode = FALSE
	EndGlobalSection
EndGlobal
