
Microsoft Visual Studio Solution File, Format Version 12.00
# Visual Studio 15
VisualStudioVersion = 15.0.26430.6
MinimumVisualStudioVersion = 10.0.40219.1
Project("{FAE04EC0-301F-11D3-BF4B-00C04F79EFBC}") = "01.UniqueUsernames", "01.UniqueUsernames\01.UniqueUsernames.csproj", "{7F63DF51-D295-4B2E-800E-1055D6011600}"
EndProject
Project("{FAE04EC0-301F-11D3-BF4B-00C04F79EFBC}") = "08.HandsOfCards", "08.HandsOfCards\08.HandsOfCards.csproj", "{CF1A7BD2-6891-4BF9-A803-C75BB9735A6C}"
EndProject
Project("{FAE04EC0-301F-11D3-BF4B-00C04F79EFBC}") = "09.UserLogs", "09.UserLogs\09.UserLogs.csproj", "{A570DFF5-E035-4EC7-9B74-8A4310F92EBF}"
EndProject
Project("{FAE04EC0-301F-11D3-BF4B-00C04F79EFBC}") = "14.DragonArmy", "14.DragonArmy\14.DragonArmy.csproj", "{AEEF7D6D-0A16-48DF-8014-60DDBF45348B}"
EndProject
Project("{FAE04EC0-301F-11D3-BF4B-00C04F79EFBC}") = "02.SetsOfElements", "02.SetsOfElements\02.SetsOfElements.csproj", "{AB757AC2-1CDC-4A62-BDC0-963F232C7F38}"
EndProject
Project("{FAE04EC0-301F-11D3-BF4B-00C04F79EFBC}") = "03.PeriodicTable", "03.PeriodicTable\03.PeriodicTable.csproj", "{22F3CEF3-FFAD-4D39-8ECA-839B28E6A8DE}"
EndProject
Project("{FAE04EC0-301F-11D3-BF4B-00C04F79EFBC}") = "04.CountSymbols", "04.CountSymbols\04.CountSymbols.csproj", "{D6C937CD-8315-400E-A769-A80514957CE0}"
EndProject
Project("{FAE04EC0-301F-11D3-BF4B-00C04F79EFBC}") = "05.Phonebook", "05.Phonebook\05.Phonebook.csproj", "{4637E18F-B434-4E07-B193-04AE3F816A44}"
EndProject
Project("{FAE04EC0-301F-11D3-BF4B-00C04F79EFBC}") = "06.AMinersTask", "06.AMinersTask\06.AMinersTask.csproj", "{7FB64FB7-3CF2-455F-8AA2-838F7CD59980}"
EndProject
Project("{FAE04EC0-301F-11D3-BF4B-00C04F79EFBC}") = "07.FixEmails", "07.FixEmails\07.FixEmails.csproj", "{C146A9AA-DE58-4817-AD1C-75F0127B5F6A}"
EndProject
Project("{FAE04EC0-301F-11D3-BF4B-00C04F79EFBC}") = "10.PopulationCounter", "10.PopulationCounter\10.PopulationCounter.csproj", "{19231E5E-C1B4-4FE2-92A1-9B995701F331}"
EndProject
Project("{FAE04EC0-301F-11D3-BF4B-00C04F79EFBC}") = "11.LogsAggregator", "11.LogsAggregator\11.LogsAggregator.csproj", "{9F953304-1281-462E-B199-E025229EF825}"
EndProject
Project("{FAE04EC0-301F-11D3-BF4B-00C04F79EFBC}") = "12.LegendaryFarming", "12.LegendaryFarming\12.LegendaryFarming.csproj", "{1AB3729C-321A-438C-9071-6C76EB57F45A}"
EndProject
Project("{FAE04EC0-301F-11D3-BF4B-00C04F79EFBC}") = "13.SrabskoUnleashed", "13.SrabskoUnleashed\13.SrabskoUnleashed.csproj", "{55920943-4B85-4744-8DFC-A9D684663A80}"
EndProject
Global
	GlobalSection(SolutionConfigurationPlatforms) = preSolution
		Debug|Any CPU = Debug|Any CPU
		Release|Any CPU = Release|Any CPU
	EndGlobalSection
	GlobalSection(ProjectConfigurationPlatforms) = postSolution
		{7F63DF51-D295-4B2E-800E-1055D6011600}.Debug|Any CPU.ActiveCfg = Debug|Any CPU
		{7F63DF51-D295-4B2E-800E-1055D6011600}.Debug|Any CPU.Build.0 = Debug|Any CPU
		{7F63DF51-D295-4B2E-800E-1055D6011600}.Release|Any CPU.ActiveCfg = Release|Any CPU
		{7F63DF51-D295-4B2E-800E-1055D6011600}.Release|Any CPU.Build.0 = Release|Any CPU
		{CF1A7BD2-6891-4BF9-A803-C75BB9735A6C}.Debug|Any CPU.ActiveCfg = Debug|Any CPU
		{CF1A7BD2-6891-4BF9-A803-C75BB9735A6C}.Debug|Any CPU.Build.0 = Debug|Any CPU
		{CF1A7BD2-6891-4BF9-A803-C75BB9735A6C}.Release|Any CPU.ActiveCfg = Release|Any CPU
		{CF1A7BD2-6891-4BF9-A803-C75BB9735A6C}.Release|Any CPU.Build.0 = Release|Any CPU
		{A570DFF5-E035-4EC7-9B74-8A4310F92EBF}.Debug|Any CPU.ActiveCfg = Debug|Any CPU
		{A570DFF5-E035-4EC7-9B74-8A4310F92EBF}.Debug|Any CPU.Build.0 = Debug|Any CPU
		{A570DFF5-E035-4EC7-9B74-8A4310F92EBF}.Release|Any CPU.ActiveCfg = Release|Any CPU
		{A570DFF5-E035-4EC7-9B74-8A4310F92EBF}.Release|Any CPU.Build.0 = Release|Any CPU
		{AEEF7D6D-0A16-48DF-8014-60DDBF45348B}.Debug|Any CPU.ActiveCfg = Debug|Any CPU
		{AEEF7D6D-0A16-48DF-8014-60DDBF45348B}.Debug|Any CPU.Build.0 = Debug|Any CPU
		{AEEF7D6D-0A16-48DF-8014-60DDBF45348B}.Release|Any CPU.ActiveCfg = Release|Any CPU
		{AEEF7D6D-0A16-48DF-8014-60DDBF45348B}.Release|Any CPU.Build.0 = Release|Any CPU
		{AB757AC2-1CDC-4A62-BDC0-963F232C7F38}.Debug|Any CPU.ActiveCfg = Debug|Any CPU
		{AB757AC2-1CDC-4A62-BDC0-963F232C7F38}.Debug|Any CPU.Build.0 = Debug|Any CPU
		{AB757AC2-1CDC-4A62-BDC0-963F232C7F38}.Release|Any CPU.ActiveCfg = Release|Any CPU
		{AB757AC2-1CDC-4A62-BDC0-963F232C7F38}.Release|Any CPU.Build.0 = Release|Any CPU
		{22F3CEF3-FFAD-4D39-8ECA-839B28E6A8DE}.Debug|Any CPU.ActiveCfg = Debug|Any CPU
		{22F3CEF3-FFAD-4D39-8ECA-839B28E6A8DE}.Debug|Any CPU.Build.0 = Debug|Any CPU
		{22F3CEF3-FFAD-4D39-8ECA-839B28E6A8DE}.Release|Any CPU.ActiveCfg = Release|Any CPU
		{22F3CEF3-FFAD-4D39-8ECA-839B28E6A8DE}.Release|Any CPU.Build.0 = Release|Any CPU
		{D6C937CD-8315-400E-A769-A80514957CE0}.Debug|Any CPU.ActiveCfg = Debug|Any CPU
		{D6C937CD-8315-400E-A769-A80514957CE0}.Debug|Any CPU.Build.0 = Debug|Any CPU
		{D6C937CD-8315-400E-A769-A80514957CE0}.Release|Any CPU.ActiveCfg = Release|Any CPU
		{D6C937CD-8315-400E-A769-A80514957CE0}.Release|Any CPU.Build.0 = Release|Any CPU
		{4637E18F-B434-4E07-B193-04AE3F816A44}.Debug|Any CPU.ActiveCfg = Debug|Any CPU
		{4637E18F-B434-4E07-B193-04AE3F816A44}.Debug|Any CPU.Build.0 = Debug|Any CPU
		{4637E18F-B434-4E07-B193-04AE3F816A44}.Release|Any CPU.ActiveCfg = Release|Any CPU
		{4637E18F-B434-4E07-B193-04AE3F816A44}.Release|Any CPU.Build.0 = Release|Any CPU
		{7FB64FB7-3CF2-455F-8AA2-838F7CD59980}.Debug|Any CPU.ActiveCfg = Debug|Any CPU
		{7FB64FB7-3CF2-455F-8AA2-838F7CD59980}.Debug|Any CPU.Build.0 = Debug|Any CPU
		{7FB64FB7-3CF2-455F-8AA2-838F7CD59980}.Release|Any CPU.ActiveCfg = Release|Any CPU
		{7FB64FB7-3CF2-455F-8AA2-838F7CD59980}.Release|Any CPU.Build.0 = Release|Any CPU
		{C146A9AA-DE58-4817-AD1C-75F0127B5F6A}.Debug|Any CPU.ActiveCfg = Debug|Any CPU
		{C146A9AA-DE58-4817-AD1C-75F0127B5F6A}.Debug|Any CPU.Build.0 = Debug|Any CPU
		{C146A9AA-DE58-4817-AD1C-75F0127B5F6A}.Release|Any CPU.ActiveCfg = Release|Any CPU
		{C146A9AA-DE58-4817-AD1C-75F0127B5F6A}.Release|Any CPU.Build.0 = Release|Any CPU
		{19231E5E-C1B4-4FE2-92A1-9B995701F331}.Debug|Any CPU.ActiveCfg = Debug|Any CPU
		{19231E5E-C1B4-4FE2-92A1-9B995701F331}.Debug|Any CPU.Build.0 = Debug|Any CPU
		{19231E5E-C1B4-4FE2-92A1-9B995701F331}.Release|Any CPU.ActiveCfg = Release|Any CPU
		{19231E5E-C1B4-4FE2-92A1-9B995701F331}.Release|Any CPU.Build.0 = Release|Any CPU
		{9F953304-1281-462E-B199-E025229EF825}.Debug|Any CPU.ActiveCfg = Debug|Any CPU
		{9F953304-1281-462E-B199-E025229EF825}.Debug|Any CPU.Build.0 = Debug|Any CPU
		{9F953304-1281-462E-B199-E025229EF825}.Release|Any CPU.ActiveCfg = Release|Any CPU
		{9F953304-1281-462E-B199-E025229EF825}.Release|Any CPU.Build.0 = Release|Any CPU
		{1AB3729C-321A-438C-9071-6C76EB57F45A}.Debug|Any CPU.ActiveCfg = Debug|Any CPU
		{1AB3729C-321A-438C-9071-6C76EB57F45A}.Debug|Any CPU.Build.0 = Debug|Any CPU
		{1AB3729C-321A-438C-9071-6C76EB57F45A}.Release|Any CPU.ActiveCfg = Release|Any CPU
		{1AB3729C-321A-438C-9071-6C76EB57F45A}.Release|Any CPU.Build.0 = Release|Any CPU
		{55920943-4B85-4744-8DFC-A9D684663A80}.Debug|Any CPU.ActiveCfg = Debug|Any CPU
		{55920943-4B85-4744-8DFC-A9D684663A80}.Debug|Any CPU.Build.0 = Debug|Any CPU
		{55920943-4B85-4744-8DFC-A9D684663A80}.Release|Any CPU.ActiveCfg = Release|Any CPU
		{55920943-4B85-4744-8DFC-A9D684663A80}.Release|Any CPU.Build.0 = Release|Any CPU
	EndGlobalSection
	GlobalSection(SolutionProperties) = preSolution
		HideSolutionNode = FALSE
	EndGlobalSection
EndGlobal
