
Microsoft Visual Studio Solution File, Format Version 12.00
# Visual Studio 14
VisualStudioVersion = 14.0.25420.1
MinimumVisualStudioVersion = 10.0.40219.1
Project("{FAE04EC0-301F-11D3-BF4B-00C04F79EFBC}") = "01.Numbers1...NWithStep3", "01.Numbers1...NWithStep3\01.Numbers1...NWithStep3.csproj", "{D16EC667-799C-455D-B609-B743454530BB}"
EndProject
Project("{FAE04EC0-301F-11D3-BF4B-00C04F79EFBC}") = "02.NumbersN...1", "02.NumbersN...1\02.NumbersN...1.csproj", "{E907759E-CA29-4C5A-BA1C-C204B6731670}"
EndProject
Project("{FAE04EC0-301F-11D3-BF4B-00C04F79EFBC}") = "03.PowersOfTwo", "03.PowersOfTwo\03.PowersOfTwo.csproj", "{F007B40B-6DFA-44C1-B4BA-1AA1901849AC}"
EndProject
Project("{FAE04EC0-301F-11D3-BF4B-00C04F79EFBC}") = "04.EvenPowersOf2", "04.EvenPowersOf2\04.EvenPowersOf2.csproj", "{6DA7056A-AC11-410A-A54B-017C5ADCF199}"
EndProject
Project("{FAE04EC0-301F-11D3-BF4B-00C04F79EFBC}") = "05.Sequence2k+1", "05.Sequence2k+1\05.Sequence2k+1.csproj", "{3AA1DD85-F1D4-4B25-8E7F-AB030F244A22}"
EndProject
Project("{FAE04EC0-301F-11D3-BF4B-00C04F79EFBC}") = "06.NumberInRange[1...100]", "06.NumberInRange[1...100]\06.NumberInRange[1...100].csproj", "{07A7DA6D-E224-44C8-9A4A-6013090E7F68}"
EndProject
Project("{FAE04EC0-301F-11D3-BF4B-00C04F79EFBC}") = "07.GreatestCommonDivisor(CGD)", "07.GreatestCommonDivisor(CGD)\07.GreatestCommonDivisor(CGD).csproj", "{956BBD96-37FB-44D2-B99E-4C7E5186EAAD}"
EndProject
Project("{FAE04EC0-301F-11D3-BF4B-00C04F79EFBC}") = "08.Factorial", "08.Factorial\08.Factorial.csproj", "{25BDDDC2-D589-4322-BA85-5814665DB659}"
EndProject
Project("{FAE04EC0-301F-11D3-BF4B-00C04F79EFBC}") = "09.SumDigits", "09.SumDigits\09.SumDigits.csproj", "{5EB14B43-C6A8-45FA-95A7-DE83541AC9E1}"
EndProject
Project("{FAE04EC0-301F-11D3-BF4B-00C04F79EFBC}") = "10.CheckPrime", "10.CheckPrime\10.CheckPrime.csproj", "{8C32AFD5-3FA7-4C0B-B897-BCC50F59D52D}"
EndProject
Project("{FAE04EC0-301F-11D3-BF4B-00C04F79EFBC}") = "11.EnterEvenNumber", "11.EnterEvenNumber\11.EnterEvenNumber.csproj", "{9736DB32-ADF4-4583-9F13-587FADEBE2B9}"
EndProject
Project("{FAE04EC0-301F-11D3-BF4B-00C04F79EFBC}") = "12. Fibonacci", "12. Fibonacci\12. Fibonacci.csproj", "{7B42FF72-52B3-4BF2-A90A-E1E054C7BF01}"
EndProject
Project("{FAE04EC0-301F-11D3-BF4B-00C04F79EFBC}") = "13.NumberPyramid", "13.NumberPyramid\13.NumberPyramid.csproj", "{6E5380A2-EDF9-4EA1-9FF1-9E52122D41EF}"
EndProject
Project("{FAE04EC0-301F-11D3-BF4B-00C04F79EFBC}") = "14.NumberTable", "14.NumberTable\14.NumberTable.csproj", "{1B4B688D-4E88-4FA7-B185-8146CDAC281C}"
EndProject
Global
	GlobalSection(SolutionConfigurationPlatforms) = preSolution
		Debug|Any CPU = Debug|Any CPU
		Release|Any CPU = Release|Any CPU
	EndGlobalSection
	GlobalSection(ProjectConfigurationPlatforms) = postSolution
		{D16EC667-799C-455D-B609-B743454530BB}.Debug|Any CPU.ActiveCfg = Debug|Any CPU
		{D16EC667-799C-455D-B609-B743454530BB}.Debug|Any CPU.Build.0 = Debug|Any CPU
		{D16EC667-799C-455D-B609-B743454530BB}.Release|Any CPU.ActiveCfg = Release|Any CPU
		{D16EC667-799C-455D-B609-B743454530BB}.Release|Any CPU.Build.0 = Release|Any CPU
		{E907759E-CA29-4C5A-BA1C-C204B6731670}.Debug|Any CPU.ActiveCfg = Debug|Any CPU
		{E907759E-CA29-4C5A-BA1C-C204B6731670}.Debug|Any CPU.Build.0 = Debug|Any CPU
		{E907759E-CA29-4C5A-BA1C-C204B6731670}.Release|Any CPU.ActiveCfg = Release|Any CPU
		{E907759E-CA29-4C5A-BA1C-C204B6731670}.Release|Any CPU.Build.0 = Release|Any CPU
		{F007B40B-6DFA-44C1-B4BA-1AA1901849AC}.Debug|Any CPU.ActiveCfg = Debug|Any CPU
		{F007B40B-6DFA-44C1-B4BA-1AA1901849AC}.Debug|Any CPU.Build.0 = Debug|Any CPU
		{F007B40B-6DFA-44C1-B4BA-1AA1901849AC}.Release|Any CPU.ActiveCfg = Release|Any CPU
		{F007B40B-6DFA-44C1-B4BA-1AA1901849AC}.Release|Any CPU.Build.0 = Release|Any CPU
		{6DA7056A-AC11-410A-A54B-017C5ADCF199}.Debug|Any CPU.ActiveCfg = Debug|Any CPU
		{6DA7056A-AC11-410A-A54B-017C5ADCF199}.Debug|Any CPU.Build.0 = Debug|Any CPU
		{6DA7056A-AC11-410A-A54B-017C5ADCF199}.Release|Any CPU.ActiveCfg = Release|Any CPU
		{6DA7056A-AC11-410A-A54B-017C5ADCF199}.Release|Any CPU.Build.0 = Release|Any CPU
		{3AA1DD85-F1D4-4B25-8E7F-AB030F244A22}.Debug|Any CPU.ActiveCfg = Debug|Any CPU
		{3AA1DD85-F1D4-4B25-8E7F-AB030F244A22}.Debug|Any CPU.Build.0 = Debug|Any CPU
		{3AA1DD85-F1D4-4B25-8E7F-AB030F244A22}.Release|Any CPU.ActiveCfg = Release|Any CPU
		{3AA1DD85-F1D4-4B25-8E7F-AB030F244A22}.Release|Any CPU.Build.0 = Release|Any CPU
		{07A7DA6D-E224-44C8-9A4A-6013090E7F68}.Debug|Any CPU.ActiveCfg = Debug|Any CPU
		{07A7DA6D-E224-44C8-9A4A-6013090E7F68}.Debug|Any CPU.Build.0 = Debug|Any CPU
		{07A7DA6D-E224-44C8-9A4A-6013090E7F68}.Release|Any CPU.ActiveCfg = Release|Any CPU
		{07A7DA6D-E224-44C8-9A4A-6013090E7F68}.Release|Any CPU.Build.0 = Release|Any CPU
		{956BBD96-37FB-44D2-B99E-4C7E5186EAAD}.Debug|Any CPU.ActiveCfg = Debug|Any CPU
		{956BBD96-37FB-44D2-B99E-4C7E5186EAAD}.Debug|Any CPU.Build.0 = Debug|Any CPU
		{956BBD96-37FB-44D2-B99E-4C7E5186EAAD}.Release|Any CPU.ActiveCfg = Release|Any CPU
		{956BBD96-37FB-44D2-B99E-4C7E5186EAAD}.Release|Any CPU.Build.0 = Release|Any CPU
		{25BDDDC2-D589-4322-BA85-5814665DB659}.Debug|Any CPU.ActiveCfg = Debug|Any CPU
		{25BDDDC2-D589-4322-BA85-5814665DB659}.Debug|Any CPU.Build.0 = Debug|Any CPU
		{25BDDDC2-D589-4322-BA85-5814665DB659}.Release|Any CPU.ActiveCfg = Release|Any CPU
		{25BDDDC2-D589-4322-BA85-5814665DB659}.Release|Any CPU.Build.0 = Release|Any CPU
		{5EB14B43-C6A8-45FA-95A7-DE83541AC9E1}.Debug|Any CPU.ActiveCfg = Debug|Any CPU
		{5EB14B43-C6A8-45FA-95A7-DE83541AC9E1}.Debug|Any CPU.Build.0 = Debug|Any CPU
		{5EB14B43-C6A8-45FA-95A7-DE83541AC9E1}.Release|Any CPU.ActiveCfg = Release|Any CPU
		{5EB14B43-C6A8-45FA-95A7-DE83541AC9E1}.Release|Any CPU.Build.0 = Release|Any CPU
		{8C32AFD5-3FA7-4C0B-B897-BCC50F59D52D}.Debug|Any CPU.ActiveCfg = Debug|Any CPU
		{8C32AFD5-3FA7-4C0B-B897-BCC50F59D52D}.Debug|Any CPU.Build.0 = Debug|Any CPU
		{8C32AFD5-3FA7-4C0B-B897-BCC50F59D52D}.Release|Any CPU.ActiveCfg = Release|Any CPU
		{8C32AFD5-3FA7-4C0B-B897-BCC50F59D52D}.Release|Any CPU.Build.0 = Release|Any CPU
		{9736DB32-ADF4-4583-9F13-587FADEBE2B9}.Debug|Any CPU.ActiveCfg = Debug|Any CPU
		{9736DB32-ADF4-4583-9F13-587FADEBE2B9}.Debug|Any CPU.Build.0 = Debug|Any CPU
		{9736DB32-ADF4-4583-9F13-587FADEBE2B9}.Release|Any CPU.ActiveCfg = Release|Any CPU
		{9736DB32-ADF4-4583-9F13-587FADEBE2B9}.Release|Any CPU.Build.0 = Release|Any CPU
		{7B42FF72-52B3-4BF2-A90A-E1E054C7BF01}.Debug|Any CPU.ActiveCfg = Debug|Any CPU
		{7B42FF72-52B3-4BF2-A90A-E1E054C7BF01}.Debug|Any CPU.Build.0 = Debug|Any CPU
		{7B42FF72-52B3-4BF2-A90A-E1E054C7BF01}.Release|Any CPU.ActiveCfg = Release|Any CPU
		{7B42FF72-52B3-4BF2-A90A-E1E054C7BF01}.Release|Any CPU.Build.0 = Release|Any CPU
		{6E5380A2-EDF9-4EA1-9FF1-9E52122D41EF}.Debug|Any CPU.ActiveCfg = Debug|Any CPU
		{6E5380A2-EDF9-4EA1-9FF1-9E52122D41EF}.Debug|Any CPU.Build.0 = Debug|Any CPU
		{6E5380A2-EDF9-4EA1-9FF1-9E52122D41EF}.Release|Any CPU.ActiveCfg = Release|Any CPU
		{6E5380A2-EDF9-4EA1-9FF1-9E52122D41EF}.Release|Any CPU.Build.0 = Release|Any CPU
		{1B4B688D-4E88-4FA7-B185-8146CDAC281C}.Debug|Any CPU.ActiveCfg = Debug|Any CPU
		{1B4B688D-4E88-4FA7-B185-8146CDAC281C}.Debug|Any CPU.Build.0 = Debug|Any CPU
		{1B4B688D-4E88-4FA7-B185-8146CDAC281C}.Release|Any CPU.ActiveCfg = Release|Any CPU
		{1B4B688D-4E88-4FA7-B185-8146CDAC281C}.Release|Any CPU.Build.0 = Release|Any CPU
	EndGlobalSection
	GlobalSection(SolutionProperties) = preSolution
		HideSolutionNode = FALSE
	EndGlobalSection
EndGlobal
