
Microsoft Visual Studio Solution File, Format Version 12.00
# Visual Studio 14
VisualStudioVersion = 14.0.25420.1
MinimumVisualStudioVersion = 10.0.40219.1
Project("{FAE04EC0-301F-11D3-BF4B-00C04F79EFBC}") = "01.BlankReceipt", "1.BlankReceipt\01.BlankReceipt.csproj", "{A6EBCBF6-C961-44C3-8B9C-3F884EBCADC2}"
EndProject
Project("{FAE04EC0-301F-11D3-BF4B-00C04F79EFBC}") = "02.SignOfIntegerNumber", "02.SignOfIntegerNumber\02.SignOfIntegerNumber.csproj", "{78D1171B-DD7C-4A09-B3D3-D5FD7D09F095}"
EndProject
Project("{FAE04EC0-301F-11D3-BF4B-00C04F79EFBC}") = "03.PrintingTriangle", "03.PrintingTriangle\03.PrintingTriangle.csproj", "{DFE4CF9E-6F3F-4135-B38B-AB4ECDDD7340}"
EndProject
Project("{FAE04EC0-301F-11D3-BF4B-00C04F79EFBC}") = "04.DrawAFilledSquare", "04.DrawAFilledSquare\04.DrawAFilledSquare.csproj", "{5CDB7CB4-27F7-4C3D-97B7-D060332E388F}"
EndProject
Project("{FAE04EC0-301F-11D3-BF4B-00C04F79EFBC}") = "05.CalculateTriangleArea", "05.CalculateTriangleArea\05.CalculateTriangleArea.csproj", "{3F04C58E-2005-46E6-AB36-C6B9C300595E}"
EndProject
Project("{FAE04EC0-301F-11D3-BF4B-00C04F79EFBC}") = "06.MathPower", "06.MathPower\06.MathPower.csproj", "{CF10ACA4-71A1-447A-B789-57B9B5CF85C8}"
EndProject
Project("{FAE04EC0-301F-11D3-BF4B-00C04F79EFBC}") = "07.GreaterOfTwoValues", "07.GreaterOfTwoValues\07.GreaterOfTwoValues.csproj", "{A51DA839-8BA8-4413-9D08-5D4A70AC020B}"
EndProject
Project("{FAE04EC0-301F-11D3-BF4B-00C04F79EFBC}") = "08.MultiplyEvensByOdds", "08.MultiplyEvensByOdds\08.MultiplyEvensByOdds.csproj", "{773B48E5-9C31-4FBE-8684-91790DDA5AB5}"
EndProject
Project("{FAE04EC0-301F-11D3-BF4B-00C04F79EFBC}") = "09.HolidaysBetweenTwoDates", "09.HolidaysBetweenTwoDates\09.HolidaysBetweenTwoDates.csproj", "{9937C18B-EC57-4978-B818-B33903EF714C}"
EndProject
Project("{FAE04EC0-301F-11D3-BF4B-00C04F79EFBC}") = "10.PriceChangeAlert", "10.PriceChangeAlert\10.PriceChangeAlert.csproj", "{C3570216-9190-4D30-B67A-19C4B46A5EDC}"
EndProject
Global
	GlobalSection(SolutionConfigurationPlatforms) = preSolution
		Debug|Any CPU = Debug|Any CPU
		Release|Any CPU = Release|Any CPU
	EndGlobalSection
	GlobalSection(ProjectConfigurationPlatforms) = postSolution
		{A6EBCBF6-C961-44C3-8B9C-3F884EBCADC2}.Debug|Any CPU.ActiveCfg = Debug|Any CPU
		{A6EBCBF6-C961-44C3-8B9C-3F884EBCADC2}.Debug|Any CPU.Build.0 = Debug|Any CPU
		{A6EBCBF6-C961-44C3-8B9C-3F884EBCADC2}.Release|Any CPU.ActiveCfg = Release|Any CPU
		{A6EBCBF6-C961-44C3-8B9C-3F884EBCADC2}.Release|Any CPU.Build.0 = Release|Any CPU
		{78D1171B-DD7C-4A09-B3D3-D5FD7D09F095}.Debug|Any CPU.ActiveCfg = Debug|Any CPU
		{78D1171B-DD7C-4A09-B3D3-D5FD7D09F095}.Debug|Any CPU.Build.0 = Debug|Any CPU
		{78D1171B-DD7C-4A09-B3D3-D5FD7D09F095}.Release|Any CPU.ActiveCfg = Release|Any CPU
		{78D1171B-DD7C-4A09-B3D3-D5FD7D09F095}.Release|Any CPU.Build.0 = Release|Any CPU
		{DFE4CF9E-6F3F-4135-B38B-AB4ECDDD7340}.Debug|Any CPU.ActiveCfg = Debug|Any CPU
		{DFE4CF9E-6F3F-4135-B38B-AB4ECDDD7340}.Debug|Any CPU.Build.0 = Debug|Any CPU
		{DFE4CF9E-6F3F-4135-B38B-AB4ECDDD7340}.Release|Any CPU.ActiveCfg = Release|Any CPU
		{DFE4CF9E-6F3F-4135-B38B-AB4ECDDD7340}.Release|Any CPU.Build.0 = Release|Any CPU
		{5CDB7CB4-27F7-4C3D-97B7-D060332E388F}.Debug|Any CPU.ActiveCfg = Debug|Any CPU
		{5CDB7CB4-27F7-4C3D-97B7-D060332E388F}.Debug|Any CPU.Build.0 = Debug|Any CPU
		{5CDB7CB4-27F7-4C3D-97B7-D060332E388F}.Release|Any CPU.ActiveCfg = Release|Any CPU
		{5CDB7CB4-27F7-4C3D-97B7-D060332E388F}.Release|Any CPU.Build.0 = Release|Any CPU
		{3F04C58E-2005-46E6-AB36-C6B9C300595E}.Debug|Any CPU.ActiveCfg = Debug|Any CPU
		{3F04C58E-2005-46E6-AB36-C6B9C300595E}.Debug|Any CPU.Build.0 = Debug|Any CPU
		{3F04C58E-2005-46E6-AB36-C6B9C300595E}.Release|Any CPU.ActiveCfg = Release|Any CPU
		{3F04C58E-2005-46E6-AB36-C6B9C300595E}.Release|Any CPU.Build.0 = Release|Any CPU
		{CF10ACA4-71A1-447A-B789-57B9B5CF85C8}.Debug|Any CPU.ActiveCfg = Debug|Any CPU
		{CF10ACA4-71A1-447A-B789-57B9B5CF85C8}.Debug|Any CPU.Build.0 = Debug|Any CPU
		{CF10ACA4-71A1-447A-B789-57B9B5CF85C8}.Release|Any CPU.ActiveCfg = Release|Any CPU
		{CF10ACA4-71A1-447A-B789-57B9B5CF85C8}.Release|Any CPU.Build.0 = Release|Any CPU
		{A51DA839-8BA8-4413-9D08-5D4A70AC020B}.Debug|Any CPU.ActiveCfg = Debug|Any CPU
		{A51DA839-8BA8-4413-9D08-5D4A70AC020B}.Debug|Any CPU.Build.0 = Debug|Any CPU
		{A51DA839-8BA8-4413-9D08-5D4A70AC020B}.Release|Any CPU.ActiveCfg = Release|Any CPU
		{A51DA839-8BA8-4413-9D08-5D4A70AC020B}.Release|Any CPU.Build.0 = Release|Any CPU
		{773B48E5-9C31-4FBE-8684-91790DDA5AB5}.Debug|Any CPU.ActiveCfg = Debug|Any CPU
		{773B48E5-9C31-4FBE-8684-91790DDA5AB5}.Debug|Any CPU.Build.0 = Debug|Any CPU
		{773B48E5-9C31-4FBE-8684-91790DDA5AB5}.Release|Any CPU.ActiveCfg = Release|Any CPU
		{773B48E5-9C31-4FBE-8684-91790DDA5AB5}.Release|Any CPU.Build.0 = Release|Any CPU
		{9937C18B-EC57-4978-B818-B33903EF714C}.Debug|Any CPU.ActiveCfg = Debug|Any CPU
		{9937C18B-EC57-4978-B818-B33903EF714C}.Debug|Any CPU.Build.0 = Debug|Any CPU
		{9937C18B-EC57-4978-B818-B33903EF714C}.Release|Any CPU.ActiveCfg = Release|Any CPU
		{9937C18B-EC57-4978-B818-B33903EF714C}.Release|Any CPU.Build.0 = Release|Any CPU
		{C3570216-9190-4D30-B67A-19C4B46A5EDC}.Debug|Any CPU.ActiveCfg = Debug|Any CPU
		{C3570216-9190-4D30-B67A-19C4B46A5EDC}.Debug|Any CPU.Build.0 = Debug|Any CPU
		{C3570216-9190-4D30-B67A-19C4B46A5EDC}.Release|Any CPU.ActiveCfg = Release|Any CPU
		{C3570216-9190-4D30-B67A-19C4B46A5EDC}.Release|Any CPU.Build.0 = Release|Any CPU
	EndGlobalSection
	GlobalSection(SolutionProperties) = preSolution
		HideSolutionNode = FALSE
	EndGlobalSection
EndGlobal
