
Microsoft Visual Studio Solution File, Format Version 12.00
# Visual Studio 14
VisualStudioVersion = 14.0.25420.1
MinimumVisualStudioVersion = 10.0.40219.1
Project("{FAE04EC0-301F-11D3-BF4B-00C04F79EFBC}") = "01.NumbersFrom1To100", "01.NumbersFrom1To100\01.NumbersFrom1To100.csproj", "{F815329C-3FD6-4540-B1D0-1557671721D5}"
EndProject
Project("{FAE04EC0-301F-11D3-BF4B-00C04F79EFBC}") = "02.NumbersEndingIn7", "02.NumbersEndingIn7\02.NumbersEndingIn7.csproj", "{E5E087FF-1E2B-460F-875A-BD0BE688BEEC}"
EndProject
Project("{FAE04EC0-301F-11D3-BF4B-00C04F79EFBC}") = "03.LatinLetters", "03.LatinLetters\03.LatinLetters.csproj", "{AA9FC446-E197-44B7-8662-D618127F99BC}"
EndProject
Project("{FAE04EC0-301F-11D3-BF4B-00C04F79EFBC}") = "04.SumNumbers", "04.SumNumbers\04.SumNumbers.csproj", "{334CCB25-4175-4495-98FB-802AAAFB3756}"
EndProject
Project("{FAE04EC0-301F-11D3-BF4B-00C04F79EFBC}") = "05.MaxNumber", "05.MaxNumber\05.MaxNumber.csproj", "{64E4DEE2-6272-4C54-B46F-3EA69DDA11BF}"
EndProject
Project("{FAE04EC0-301F-11D3-BF4B-00C04F79EFBC}") = "06.MinNumber", "06.MinNumber\06.MinNumber.csproj", "{F298A430-D9F2-4363-8EEE-2920F54A07C4}"
EndProject
Project("{FAE04EC0-301F-11D3-BF4B-00C04F79EFBC}") = "07.LeftAndRightSum", "07.LeftAndRightSum\07.LeftAndRightSum.csproj", "{22ADAC80-D61F-4712-A55F-CF051BCD80A4}"
EndProject
Project("{FAE04EC0-301F-11D3-BF4B-00C04F79EFBC}") = "08.OddEvenSum", "08.OddEvenSum\08.OddEvenSum.csproj", "{0178CEB0-A983-46AB-BAB5-573B39697E1A}"
EndProject
Project("{FAE04EC0-301F-11D3-BF4B-00C04F79EFBC}") = "09.VowelsSum", "09.VowelsSum\09.VowelsSum.csproj", "{14525CDB-BB62-4B28-9304-378CCF9F05CF}"
EndProject
Project("{FAE04EC0-301F-11D3-BF4B-00C04F79EFBC}") = "10.HalfSumElement", "10.HalfSumElement\10.HalfSumElement.csproj", "{A5904A1D-DC29-4086-8BA6-15D7C110DB49}"
EndProject
Project("{FAE04EC0-301F-11D3-BF4B-00C04F79EFBC}") = "11.OddEvenPosition", "11.OddEvenPosition\11.OddEvenPosition.csproj", "{92301610-78D0-42DE-B9B8-AD6DEB0C6F36}"
EndProject
Project("{FAE04EC0-301F-11D3-BF4B-00C04F79EFBC}") = "12.EqualPairs", "12.EqualPairs\12.EqualPairs.csproj", "{5046FB15-5FD2-4EB0-9B80-5A22329874C1}"
EndProject
Global
	GlobalSection(SolutionConfigurationPlatforms) = preSolution
		Debug|Any CPU = Debug|Any CPU
		Release|Any CPU = Release|Any CPU
	EndGlobalSection
	GlobalSection(ProjectConfigurationPlatforms) = postSolution
		{F815329C-3FD6-4540-B1D0-1557671721D5}.Debug|Any CPU.ActiveCfg = Debug|Any CPU
		{F815329C-3FD6-4540-B1D0-1557671721D5}.Debug|Any CPU.Build.0 = Debug|Any CPU
		{F815329C-3FD6-4540-B1D0-1557671721D5}.Release|Any CPU.ActiveCfg = Release|Any CPU
		{F815329C-3FD6-4540-B1D0-1557671721D5}.Release|Any CPU.Build.0 = Release|Any CPU
		{E5E087FF-1E2B-460F-875A-BD0BE688BEEC}.Debug|Any CPU.ActiveCfg = Debug|Any CPU
		{E5E087FF-1E2B-460F-875A-BD0BE688BEEC}.Debug|Any CPU.Build.0 = Debug|Any CPU
		{E5E087FF-1E2B-460F-875A-BD0BE688BEEC}.Release|Any CPU.ActiveCfg = Release|Any CPU
		{E5E087FF-1E2B-460F-875A-BD0BE688BEEC}.Release|Any CPU.Build.0 = Release|Any CPU
		{AA9FC446-E197-44B7-8662-D618127F99BC}.Debug|Any CPU.ActiveCfg = Debug|Any CPU
		{AA9FC446-E197-44B7-8662-D618127F99BC}.Debug|Any CPU.Build.0 = Debug|Any CPU
		{AA9FC446-E197-44B7-8662-D618127F99BC}.Release|Any CPU.ActiveCfg = Release|Any CPU
		{AA9FC446-E197-44B7-8662-D618127F99BC}.Release|Any CPU.Build.0 = Release|Any CPU
		{334CCB25-4175-4495-98FB-802AAAFB3756}.Debug|Any CPU.ActiveCfg = Debug|Any CPU
		{334CCB25-4175-4495-98FB-802AAAFB3756}.Debug|Any CPU.Build.0 = Debug|Any CPU
		{334CCB25-4175-4495-98FB-802AAAFB3756}.Release|Any CPU.ActiveCfg = Release|Any CPU
		{334CCB25-4175-4495-98FB-802AAAFB3756}.Release|Any CPU.Build.0 = Release|Any CPU
		{64E4DEE2-6272-4C54-B46F-3EA69DDA11BF}.Debug|Any CPU.ActiveCfg = Debug|Any CPU
		{64E4DEE2-6272-4C54-B46F-3EA69DDA11BF}.Debug|Any CPU.Build.0 = Debug|Any CPU
		{64E4DEE2-6272-4C54-B46F-3EA69DDA11BF}.Release|Any CPU.ActiveCfg = Release|Any CPU
		{64E4DEE2-6272-4C54-B46F-3EA69DDA11BF}.Release|Any CPU.Build.0 = Release|Any CPU
		{F298A430-D9F2-4363-8EEE-2920F54A07C4}.Debug|Any CPU.ActiveCfg = Debug|Any CPU
		{F298A430-D9F2-4363-8EEE-2920F54A07C4}.Debug|Any CPU.Build.0 = Debug|Any CPU
		{F298A430-D9F2-4363-8EEE-2920F54A07C4}.Release|Any CPU.ActiveCfg = Release|Any CPU
		{F298A430-D9F2-4363-8EEE-2920F54A07C4}.Release|Any CPU.Build.0 = Release|Any CPU
		{22ADAC80-D61F-4712-A55F-CF051BCD80A4}.Debug|Any CPU.ActiveCfg = Debug|Any CPU
		{22ADAC80-D61F-4712-A55F-CF051BCD80A4}.Debug|Any CPU.Build.0 = Debug|Any CPU
		{22ADAC80-D61F-4712-A55F-CF051BCD80A4}.Release|Any CPU.ActiveCfg = Release|Any CPU
		{22ADAC80-D61F-4712-A55F-CF051BCD80A4}.Release|Any CPU.Build.0 = Release|Any CPU
		{0178CEB0-A983-46AB-BAB5-573B39697E1A}.Debug|Any CPU.ActiveCfg = Debug|Any CPU
		{0178CEB0-A983-46AB-BAB5-573B39697E1A}.Debug|Any CPU.Build.0 = Debug|Any CPU
		{0178CEB0-A983-46AB-BAB5-573B39697E1A}.Release|Any CPU.ActiveCfg = Release|Any CPU
		{0178CEB0-A983-46AB-BAB5-573B39697E1A}.Release|Any CPU.Build.0 = Release|Any CPU
		{14525CDB-BB62-4B28-9304-378CCF9F05CF}.Debug|Any CPU.ActiveCfg = Debug|Any CPU
		{14525CDB-BB62-4B28-9304-378CCF9F05CF}.Debug|Any CPU.Build.0 = Debug|Any CPU
		{14525CDB-BB62-4B28-9304-378CCF9F05CF}.Release|Any CPU.ActiveCfg = Release|Any CPU
		{14525CDB-BB62-4B28-9304-378CCF9F05CF}.Release|Any CPU.Build.0 = Release|Any CPU
		{A5904A1D-DC29-4086-8BA6-15D7C110DB49}.Debug|Any CPU.ActiveCfg = Debug|Any CPU
		{A5904A1D-DC29-4086-8BA6-15D7C110DB49}.Debug|Any CPU.Build.0 = Debug|Any CPU
		{A5904A1D-DC29-4086-8BA6-15D7C110DB49}.Release|Any CPU.ActiveCfg = Release|Any CPU
		{A5904A1D-DC29-4086-8BA6-15D7C110DB49}.Release|Any CPU.Build.0 = Release|Any CPU
		{92301610-78D0-42DE-B9B8-AD6DEB0C6F36}.Debug|Any CPU.ActiveCfg = Debug|Any CPU
		{92301610-78D0-42DE-B9B8-AD6DEB0C6F36}.Debug|Any CPU.Build.0 = Debug|Any CPU
		{92301610-78D0-42DE-B9B8-AD6DEB0C6F36}.Release|Any CPU.ActiveCfg = Release|Any CPU
		{92301610-78D0-42DE-B9B8-AD6DEB0C6F36}.Release|Any CPU.Build.0 = Release|Any CPU
		{5046FB15-5FD2-4EB0-9B80-5A22329874C1}.Debug|Any CPU.ActiveCfg = Debug|Any CPU
		{5046FB15-5FD2-4EB0-9B80-5A22329874C1}.Debug|Any CPU.Build.0 = Debug|Any CPU
		{5046FB15-5FD2-4EB0-9B80-5A22329874C1}.Release|Any CPU.ActiveCfg = Release|Any CPU
		{5046FB15-5FD2-4EB0-9B80-5A22329874C1}.Release|Any CPU.Build.0 = Release|Any CPU
	EndGlobalSection
	GlobalSection(SolutionProperties) = preSolution
		HideSolutionNode = FALSE
	EndGlobalSection
EndGlobal
