
Microsoft Visual Studio Solution File, Format Version 12.00
# Visual Studio 14
VisualStudioVersion = 14.0.25420.1
MinimumVisualStudioVersion = 10.0.40219.1
Project("{FAE04EC0-301F-11D3-BF4B-00C04F79EFBC}") = "01.Square Area", "01.Square Area\01.Square Area.csproj", "{E953A43C-E345-4B6B-865E-C422933B67B1}"
EndProject
Project("{FAE04EC0-301F-11D3-BF4B-00C04F79EFBC}") = "02.InchesToCentimeters", "02.InchesToCentimeters\02.InchesToCentimeters.csproj", "{209CC148-39EE-4498-BDD4-02EDC39D7ECC}"
EndProject
Project("{FAE04EC0-301F-11D3-BF4B-00C04F79EFBC}") = "03.GreetingByName", "03.GreetingByName\03.GreetingByName.csproj", "{30BA2B82-1B50-4741-90C6-1CE169BB517D}"
EndProject
Project("{FAE04EC0-301F-11D3-BF4B-00C04F79EFBC}") = "04.ConcatenateData", "04.ConcatenateData\04.ConcatenateData.csproj", "{DA98A0F6-AFEA-4867-A856-7FB35FF61F6D}"
EndProject
Project("{FAE04EC0-301F-11D3-BF4B-00C04F79EFBC}") = "05.TrapeziodArea", "05.TrapeziodArea\05.TrapeziodArea.csproj", "{06391523-281B-4DA9-B155-6D557FE14AAD}"
EndProject
Project("{FAE04EC0-301F-11D3-BF4B-00C04F79EFBC}") = "06.CircleAreaandPerimeter", "06.CircleAreaandPerimeter\06.CircleAreaandPerimeter.csproj", "{AEC0C52B-44DC-4D2A-819C-76339C8BC2C9}"
EndProject
Project("{FAE04EC0-301F-11D3-BF4B-00C04F79EFBC}") = "07.2DRectangleArea", "07.2DRectangleArea\07.2DRectangleArea.csproj", "{71085A7A-D3BA-4962-8F94-B21832132BB6}"
EndProject
Project("{FAE04EC0-301F-11D3-BF4B-00C04F79EFBC}") = "08.TriangleArea", "08.TriangleArea\08.TriangleArea.csproj", "{BEB710FB-41B0-4C8F-B9C4-18C69CEA0A30}"
EndProject
Project("{FAE04EC0-301F-11D3-BF4B-00C04F79EFBC}") = "09.CelsiusToFahrenheit", "09.CelsiusToFahrenheit\09.CelsiusToFahrenheit.csproj", "{9F1ABD1B-2BD2-49C1-8345-C29C188070AC}"
EndProject
Project("{FAE04EC0-301F-11D3-BF4B-00C04F79EFBC}") = "10.RadiansToDegrees", "10.RadiansToDegrees\10.RadiansToDegrees.csproj", "{DA5216B9-095B-48E0-9B48-6AC204C1015F}"
EndProject
Project("{FAE04EC0-301F-11D3-BF4B-00C04F79EFBC}") = "11.USDToBGN", "11.USDToBGN\11.USDToBGN.csproj", "{AABF515C-580C-44F7-98D1-310F6AA4FCD1}"
EndProject
Project("{FAE04EC0-301F-11D3-BF4B-00C04F79EFBC}") = "12.CurrencyConverter", "12.CurrencyConverter\12.CurrencyConverter.csproj", "{F6732AA4-B792-4A38-AEC6-888808288451}"
EndProject
Project("{FAE04EC0-301F-11D3-BF4B-00C04F79EFBC}") = "13.1000DaysAfterBirth", "13.1000DaysAfterBirth\13.1000DaysAfterBirth.csproj", "{87ECBC9C-83A7-4131-B731-7946E5C044BD}"
EndProject
Global
	GlobalSection(SolutionConfigurationPlatforms) = preSolution
		Debug|Any CPU = Debug|Any CPU
		Release|Any CPU = Release|Any CPU
	EndGlobalSection
	GlobalSection(ProjectConfigurationPlatforms) = postSolution
		{E953A43C-E345-4B6B-865E-C422933B67B1}.Debug|Any CPU.ActiveCfg = Debug|Any CPU
		{E953A43C-E345-4B6B-865E-C422933B67B1}.Debug|Any CPU.Build.0 = Debug|Any CPU
		{E953A43C-E345-4B6B-865E-C422933B67B1}.Release|Any CPU.ActiveCfg = Release|Any CPU
		{E953A43C-E345-4B6B-865E-C422933B67B1}.Release|Any CPU.Build.0 = Release|Any CPU
		{209CC148-39EE-4498-BDD4-02EDC39D7ECC}.Debug|Any CPU.ActiveCfg = Debug|Any CPU
		{209CC148-39EE-4498-BDD4-02EDC39D7ECC}.Debug|Any CPU.Build.0 = Debug|Any CPU
		{209CC148-39EE-4498-BDD4-02EDC39D7ECC}.Release|Any CPU.ActiveCfg = Release|Any CPU
		{209CC148-39EE-4498-BDD4-02EDC39D7ECC}.Release|Any CPU.Build.0 = Release|Any CPU
		{30BA2B82-1B50-4741-90C6-1CE169BB517D}.Debug|Any CPU.ActiveCfg = Debug|Any CPU
		{30BA2B82-1B50-4741-90C6-1CE169BB517D}.Debug|Any CPU.Build.0 = Debug|Any CPU
		{30BA2B82-1B50-4741-90C6-1CE169BB517D}.Release|Any CPU.ActiveCfg = Release|Any CPU
		{30BA2B82-1B50-4741-90C6-1CE169BB517D}.Release|Any CPU.Build.0 = Release|Any CPU
		{DA98A0F6-AFEA-4867-A856-7FB35FF61F6D}.Debug|Any CPU.ActiveCfg = Debug|Any CPU
		{DA98A0F6-AFEA-4867-A856-7FB35FF61F6D}.Debug|Any CPU.Build.0 = Debug|Any CPU
		{DA98A0F6-AFEA-4867-A856-7FB35FF61F6D}.Release|Any CPU.ActiveCfg = Release|Any CPU
		{DA98A0F6-AFEA-4867-A856-7FB35FF61F6D}.Release|Any CPU.Build.0 = Release|Any CPU
		{06391523-281B-4DA9-B155-6D557FE14AAD}.Debug|Any CPU.ActiveCfg = Debug|Any CPU
		{06391523-281B-4DA9-B155-6D557FE14AAD}.Debug|Any CPU.Build.0 = Debug|Any CPU
		{06391523-281B-4DA9-B155-6D557FE14AAD}.Release|Any CPU.ActiveCfg = Release|Any CPU
		{06391523-281B-4DA9-B155-6D557FE14AAD}.Release|Any CPU.Build.0 = Release|Any CPU
		{AEC0C52B-44DC-4D2A-819C-76339C8BC2C9}.Debug|Any CPU.ActiveCfg = Debug|Any CPU
		{AEC0C52B-44DC-4D2A-819C-76339C8BC2C9}.Debug|Any CPU.Build.0 = Debug|Any CPU
		{AEC0C52B-44DC-4D2A-819C-76339C8BC2C9}.Release|Any CPU.ActiveCfg = Release|Any CPU
		{AEC0C52B-44DC-4D2A-819C-76339C8BC2C9}.Release|Any CPU.Build.0 = Release|Any CPU
		{71085A7A-D3BA-4962-8F94-B21832132BB6}.Debug|Any CPU.ActiveCfg = Debug|Any CPU
		{71085A7A-D3BA-4962-8F94-B21832132BB6}.Debug|Any CPU.Build.0 = Debug|Any CPU
		{71085A7A-D3BA-4962-8F94-B21832132BB6}.Release|Any CPU.ActiveCfg = Release|Any CPU
		{71085A7A-D3BA-4962-8F94-B21832132BB6}.Release|Any CPU.Build.0 = Release|Any CPU
		{BEB710FB-41B0-4C8F-B9C4-18C69CEA0A30}.Debug|Any CPU.ActiveCfg = Debug|Any CPU
		{BEB710FB-41B0-4C8F-B9C4-18C69CEA0A30}.Debug|Any CPU.Build.0 = Debug|Any CPU
		{BEB710FB-41B0-4C8F-B9C4-18C69CEA0A30}.Release|Any CPU.ActiveCfg = Release|Any CPU
		{BEB710FB-41B0-4C8F-B9C4-18C69CEA0A30}.Release|Any CPU.Build.0 = Release|Any CPU
		{9F1ABD1B-2BD2-49C1-8345-C29C188070AC}.Debug|Any CPU.ActiveCfg = Debug|Any CPU
		{9F1ABD1B-2BD2-49C1-8345-C29C188070AC}.Debug|Any CPU.Build.0 = Debug|Any CPU
		{9F1ABD1B-2BD2-49C1-8345-C29C188070AC}.Release|Any CPU.ActiveCfg = Release|Any CPU
		{9F1ABD1B-2BD2-49C1-8345-C29C188070AC}.Release|Any CPU.Build.0 = Release|Any CPU
		{DA5216B9-095B-48E0-9B48-6AC204C1015F}.Debug|Any CPU.ActiveCfg = Debug|Any CPU
		{DA5216B9-095B-48E0-9B48-6AC204C1015F}.Debug|Any CPU.Build.0 = Debug|Any CPU
		{DA5216B9-095B-48E0-9B48-6AC204C1015F}.Release|Any CPU.ActiveCfg = Release|Any CPU
		{DA5216B9-095B-48E0-9B48-6AC204C1015F}.Release|Any CPU.Build.0 = Release|Any CPU
		{AABF515C-580C-44F7-98D1-310F6AA4FCD1}.Debug|Any CPU.ActiveCfg = Debug|Any CPU
		{AABF515C-580C-44F7-98D1-310F6AA4FCD1}.Debug|Any CPU.Build.0 = Debug|Any CPU
		{AABF515C-580C-44F7-98D1-310F6AA4FCD1}.Release|Any CPU.ActiveCfg = Release|Any CPU
		{AABF515C-580C-44F7-98D1-310F6AA4FCD1}.Release|Any CPU.Build.0 = Release|Any CPU
		{F6732AA4-B792-4A38-AEC6-888808288451}.Debug|Any CPU.ActiveCfg = Debug|Any CPU
		{F6732AA4-B792-4A38-AEC6-888808288451}.Debug|Any CPU.Build.0 = Debug|Any CPU
		{F6732AA4-B792-4A38-AEC6-888808288451}.Release|Any CPU.ActiveCfg = Release|Any CPU
		{F6732AA4-B792-4A38-AEC6-888808288451}.Release|Any CPU.Build.0 = Release|Any CPU
		{87ECBC9C-83A7-4131-B731-7946E5C044BD}.Debug|Any CPU.ActiveCfg = Debug|Any CPU
		{87ECBC9C-83A7-4131-B731-7946E5C044BD}.Debug|Any CPU.Build.0 = Debug|Any CPU
		{87ECBC9C-83A7-4131-B731-7946E5C044BD}.Release|Any CPU.ActiveCfg = Release|Any CPU
		{87ECBC9C-83A7-4131-B731-7946E5C044BD}.Release|Any CPU.Build.0 = Release|Any CPU
	EndGlobalSection
	GlobalSection(SolutionProperties) = preSolution
		HideSolutionNode = FALSE
	EndGlobalSection
EndGlobal
