
Microsoft Visual Studio Solution File, Format Version 12.00
# Visual Studio 14
VisualStudioVersion = 14.0.25420.1
MinimumVisualStudioVersion = 10.0.40219.1
Project("{FAE04EC0-301F-11D3-BF4B-00C04F79EFBC}") = "01.PersonalTitles", "01.PersonalTitles\01.PersonalTitles.csproj", "{02741769-8ED8-4C41-AC42-6A5F4D8CFDB1}"
EndProject
Project("{FAE04EC0-301F-11D3-BF4B-00C04F79EFBC}") = "02.SmallShop", "02.SmallShop\02.SmallShop.csproj", "{CFE38442-81CE-44A7-BD4C-58C96461B82B}"
EndProject
Project("{FAE04EC0-301F-11D3-BF4B-00C04F79EFBC}") = "03.PointInRectangle", "03.PointInRectangle\03.PointInRectangle.csproj", "{DE512D14-3AD3-437E-B852-D572BED73AD7}"
EndProject
Project("{FAE04EC0-301F-11D3-BF4B-00C04F79EFBC}") = "04.FruitOrVegetable", "04.FruitOrVegetable\04.FruitOrVegetable.csproj", "{98446FC6-EA9D-499B-BC6E-4DE3DE911E4E}"
EndProject
Project("{FAE04EC0-301F-11D3-BF4B-00C04F79EFBC}") = "05.InvalidNumber", "05.InvalidNumber\05.InvalidNumber.csproj", "{601BA276-5A0E-41A5-BF5E-E947328CA1C7}"
EndProject
Project("{FAE04EC0-301F-11D3-BF4B-00C04F79EFBC}") = "06.PointOnRectangleBorder", "06.PointOnRectangleBorder\06.PointOnRectangleBorder.csproj", "{D2055348-08D5-4E73-B2DA-8C587CEA1185}"
EndProject
Project("{FAE04EC0-301F-11D3-BF4B-00C04F79EFBC}") = "07.FruitShop", "07.FruitShop\07.FruitShop.csproj", "{185E6802-8442-4D4B-9805-14BEFF44AFE7}"
EndProject
Project("{FAE04EC0-301F-11D3-BF4B-00C04F79EFBC}") = "08.TradeComissions", "08.TradeComissions\08.TradeComissions.csproj", "{935DC991-1F06-44F2-8B83-844200F82783}"
EndProject
Project("{FAE04EC0-301F-11D3-BF4B-00C04F79EFBC}") = "09.DayOfWeek", "09.DayOfWeek\09.DayOfWeek.csproj", "{F4238B7A-B050-4128-8E9B-5DB35243CD76}"
EndProject
Project("{FAE04EC0-301F-11D3-BF4B-00C04F79EFBC}") = "10.AnimalType", "10.AnimalType\10.AnimalType.csproj", "{66908F33-E494-4E0F-9A3C-4700FAB6CAA4}"
EndProject
Project("{FAE04EC0-301F-11D3-BF4B-00C04F79EFBC}") = "11.Cinema", "11.Cinema\11.Cinema.csproj", "{4B2A340F-A408-4959-A2C6-0D0131DDFAFC}"
EndProject
Project("{FAE04EC0-301F-11D3-BF4B-00C04F79EFBC}") = "12.Volleyball", "12.Volleyball\12.Volleyball.csproj", "{32EAC148-DADD-478B-ACAE-E5853E76BE40}"
EndProject
Project("{FAE04EC0-301F-11D3-BF4B-00C04F79EFBC}") = "13.PointInTheFigure", "13.PointInTheFigure\13.PointInTheFigure.csproj", "{1D874F81-277B-43CF-AD7B-6EEDF8871CD4}"
EndProject
Global
	GlobalSection(SolutionConfigurationPlatforms) = preSolution
		Debug|Any CPU = Debug|Any CPU
		Release|Any CPU = Release|Any CPU
	EndGlobalSection
	GlobalSection(ProjectConfigurationPlatforms) = postSolution
		{02741769-8ED8-4C41-AC42-6A5F4D8CFDB1}.Debug|Any CPU.ActiveCfg = Debug|Any CPU
		{02741769-8ED8-4C41-AC42-6A5F4D8CFDB1}.Debug|Any CPU.Build.0 = Debug|Any CPU
		{02741769-8ED8-4C41-AC42-6A5F4D8CFDB1}.Release|Any CPU.ActiveCfg = Release|Any CPU
		{02741769-8ED8-4C41-AC42-6A5F4D8CFDB1}.Release|Any CPU.Build.0 = Release|Any CPU
		{CFE38442-81CE-44A7-BD4C-58C96461B82B}.Debug|Any CPU.ActiveCfg = Debug|Any CPU
		{CFE38442-81CE-44A7-BD4C-58C96461B82B}.Debug|Any CPU.Build.0 = Debug|Any CPU
		{CFE38442-81CE-44A7-BD4C-58C96461B82B}.Release|Any CPU.ActiveCfg = Release|Any CPU
		{CFE38442-81CE-44A7-BD4C-58C96461B82B}.Release|Any CPU.Build.0 = Release|Any CPU
		{DE512D14-3AD3-437E-B852-D572BED73AD7}.Debug|Any CPU.ActiveCfg = Debug|Any CPU
		{DE512D14-3AD3-437E-B852-D572BED73AD7}.Debug|Any CPU.Build.0 = Debug|Any CPU
		{DE512D14-3AD3-437E-B852-D572BED73AD7}.Release|Any CPU.ActiveCfg = Release|Any CPU
		{DE512D14-3AD3-437E-B852-D572BED73AD7}.Release|Any CPU.Build.0 = Release|Any CPU
		{98446FC6-EA9D-499B-BC6E-4DE3DE911E4E}.Debug|Any CPU.ActiveCfg = Debug|Any CPU
		{98446FC6-EA9D-499B-BC6E-4DE3DE911E4E}.Debug|Any CPU.Build.0 = Debug|Any CPU
		{98446FC6-EA9D-499B-BC6E-4DE3DE911E4E}.Release|Any CPU.ActiveCfg = Release|Any CPU
		{98446FC6-EA9D-499B-BC6E-4DE3DE911E4E}.Release|Any CPU.Build.0 = Release|Any CPU
		{601BA276-5A0E-41A5-BF5E-E947328CA1C7}.Debug|Any CPU.ActiveCfg = Debug|Any CPU
		{601BA276-5A0E-41A5-BF5E-E947328CA1C7}.Debug|Any CPU.Build.0 = Debug|Any CPU
		{601BA276-5A0E-41A5-BF5E-E947328CA1C7}.Release|Any CPU.ActiveCfg = Release|Any CPU
		{601BA276-5A0E-41A5-BF5E-E947328CA1C7}.Release|Any CPU.Build.0 = Release|Any CPU
		{D2055348-08D5-4E73-B2DA-8C587CEA1185}.Debug|Any CPU.ActiveCfg = Debug|Any CPU
		{D2055348-08D5-4E73-B2DA-8C587CEA1185}.Debug|Any CPU.Build.0 = Debug|Any CPU
		{D2055348-08D5-4E73-B2DA-8C587CEA1185}.Release|Any CPU.ActiveCfg = Release|Any CPU
		{D2055348-08D5-4E73-B2DA-8C587CEA1185}.Release|Any CPU.Build.0 = Release|Any CPU
		{185E6802-8442-4D4B-9805-14BEFF44AFE7}.Debug|Any CPU.ActiveCfg = Debug|Any CPU
		{185E6802-8442-4D4B-9805-14BEFF44AFE7}.Debug|Any CPU.Build.0 = Debug|Any CPU
		{185E6802-8442-4D4B-9805-14BEFF44AFE7}.Release|Any CPU.ActiveCfg = Release|Any CPU
		{185E6802-8442-4D4B-9805-14BEFF44AFE7}.Release|Any CPU.Build.0 = Release|Any CPU
		{935DC991-1F06-44F2-8B83-844200F82783}.Debug|Any CPU.ActiveCfg = Debug|Any CPU
		{935DC991-1F06-44F2-8B83-844200F82783}.Debug|Any CPU.Build.0 = Debug|Any CPU
		{935DC991-1F06-44F2-8B83-844200F82783}.Release|Any CPU.ActiveCfg = Release|Any CPU
		{935DC991-1F06-44F2-8B83-844200F82783}.Release|Any CPU.Build.0 = Release|Any CPU
		{F4238B7A-B050-4128-8E9B-5DB35243CD76}.Debug|Any CPU.ActiveCfg = Debug|Any CPU
		{F4238B7A-B050-4128-8E9B-5DB35243CD76}.Debug|Any CPU.Build.0 = Debug|Any CPU
		{F4238B7A-B050-4128-8E9B-5DB35243CD76}.Release|Any CPU.ActiveCfg = Release|Any CPU
		{F4238B7A-B050-4128-8E9B-5DB35243CD76}.Release|Any CPU.Build.0 = Release|Any CPU
		{66908F33-E494-4E0F-9A3C-4700FAB6CAA4}.Debug|Any CPU.ActiveCfg = Debug|Any CPU
		{66908F33-E494-4E0F-9A3C-4700FAB6CAA4}.Debug|Any CPU.Build.0 = Debug|Any CPU
		{66908F33-E494-4E0F-9A3C-4700FAB6CAA4}.Release|Any CPU.ActiveCfg = Release|Any CPU
		{66908F33-E494-4E0F-9A3C-4700FAB6CAA4}.Release|Any CPU.Build.0 = Release|Any CPU
		{4B2A340F-A408-4959-A2C6-0D0131DDFAFC}.Debug|Any CPU.ActiveCfg = Debug|Any CPU
		{4B2A340F-A408-4959-A2C6-0D0131DDFAFC}.Debug|Any CPU.Build.0 = Debug|Any CPU
		{4B2A340F-A408-4959-A2C6-0D0131DDFAFC}.Release|Any CPU.ActiveCfg = Release|Any CPU
		{4B2A340F-A408-4959-A2C6-0D0131DDFAFC}.Release|Any CPU.Build.0 = Release|Any CPU
		{32EAC148-DADD-478B-ACAE-E5853E76BE40}.Debug|Any CPU.ActiveCfg = Debug|Any CPU
		{32EAC148-DADD-478B-ACAE-E5853E76BE40}.Debug|Any CPU.Build.0 = Debug|Any CPU
		{32EAC148-DADD-478B-ACAE-E5853E76BE40}.Release|Any CPU.ActiveCfg = Release|Any CPU
		{32EAC148-DADD-478B-ACAE-E5853E76BE40}.Release|Any CPU.Build.0 = Release|Any CPU
		{1D874F81-277B-43CF-AD7B-6EEDF8871CD4}.Debug|Any CPU.ActiveCfg = Debug|Any CPU
		{1D874F81-277B-43CF-AD7B-6EEDF8871CD4}.Debug|Any CPU.Build.0 = Debug|Any CPU
		{1D874F81-277B-43CF-AD7B-6EEDF8871CD4}.Release|Any CPU.ActiveCfg = Release|Any CPU
		{1D874F81-277B-43CF-AD7B-6EEDF8871CD4}.Release|Any CPU.Build.0 = Release|Any CPU
	EndGlobalSection
	GlobalSection(SolutionProperties) = preSolution
		HideSolutionNode = FALSE
	EndGlobalSection
EndGlobal
