
Microsoft Visual Studio Solution File, Format Version 12.00
# Visual Studio 14
VisualStudioVersion = 14.0.25420.1
MinimumVisualStudioVersion = 10.0.40219.1
Project("{FAE04EC0-301F-11D3-BF4B-00C04F79EFBC}") = "1.RectangleOf10X10Stars", "1.RectangleOf10X10Stars\1.RectangleOf10X10Stars.csproj", "{7B29617F-0803-4A99-BB46-CF1A5C512824}"
EndProject
Project("{FAE04EC0-301F-11D3-BF4B-00C04F79EFBC}") = "2.RectangleOfNxNStars", "2.RectangleOfNxNStars\2.RectangleOfNxNStars.csproj", "{92F573D2-3015-4762-A4D9-B5AF6B83954B}"
EndProject
Project("{FAE04EC0-301F-11D3-BF4B-00C04F79EFBC}") = "3.SquareOfStars", "3.SquareOfStars\3.SquareOfStars.csproj", "{B2DCC9A7-211F-42E8-80B6-A313967E7871}"
EndProject
Project("{FAE04EC0-301F-11D3-BF4B-00C04F79EFBC}") = "4.TriangleOfDollars", "4.TriangleOfDollars\4.TriangleOfDollars.csproj", "{6366AFA1-54A6-4B15-A5F9-86ED12A920C7}"
EndProject
Project("{FAE04EC0-301F-11D3-BF4B-00C04F79EFBC}") = "5.SquareFrame", "5.SquareFrame\5.SquareFrame.csproj", "{20189991-BFEF-4B1B-8C4E-CECC04A495DA}"
EndProject
Project("{FAE04EC0-301F-11D3-BF4B-00C04F79EFBC}") = "6.RhombusOfStars", "6.RhombusOfStars\6.RhombusOfStars.csproj", "{10D7C7C0-0343-4562-9FE6-CAEB00959D09}"
EndProject
Project("{FAE04EC0-301F-11D3-BF4B-00C04F79EFBC}") = "7.ChristmasTree", "7.ChristmasTree\7.ChristmasTree.csproj", "{6CE222EE-3357-4E6A-9260-6881976995AB}"
EndProject
Project("{FAE04EC0-301F-11D3-BF4B-00C04F79EFBC}") = "8.Sunglasses", "8.Sunglasses\8.Sunglasses.csproj", "{085DEA1A-41F7-4C0C-AF1C-7AF7E60C1B7C}"
EndProject
Project("{FAE04EC0-301F-11D3-BF4B-00C04F79EFBC}") = "9.House", "9.House\9.House.csproj", "{641D990D-D999-485D-B97D-56A0C211CF5D}"
EndProject
Project("{FAE04EC0-301F-11D3-BF4B-00C04F79EFBC}") = "10.Diamond", "10.Diamond\10.Diamond.csproj", "{D9C092F3-E7E3-4BA6-B59A-E0919BC87375}"
EndProject
Global
	GlobalSection(SolutionConfigurationPlatforms) = preSolution
		Debug|Any CPU = Debug|Any CPU
		Release|Any CPU = Release|Any CPU
	EndGlobalSection
	GlobalSection(ProjectConfigurationPlatforms) = postSolution
		{7B29617F-0803-4A99-BB46-CF1A5C512824}.Debug|Any CPU.ActiveCfg = Debug|Any CPU
		{7B29617F-0803-4A99-BB46-CF1A5C512824}.Debug|Any CPU.Build.0 = Debug|Any CPU
		{7B29617F-0803-4A99-BB46-CF1A5C512824}.Release|Any CPU.ActiveCfg = Release|Any CPU
		{7B29617F-0803-4A99-BB46-CF1A5C512824}.Release|Any CPU.Build.0 = Release|Any CPU
		{92F573D2-3015-4762-A4D9-B5AF6B83954B}.Debug|Any CPU.ActiveCfg = Debug|Any CPU
		{92F573D2-3015-4762-A4D9-B5AF6B83954B}.Debug|Any CPU.Build.0 = Debug|Any CPU
		{92F573D2-3015-4762-A4D9-B5AF6B83954B}.Release|Any CPU.ActiveCfg = Release|Any CPU
		{92F573D2-3015-4762-A4D9-B5AF6B83954B}.Release|Any CPU.Build.0 = Release|Any CPU
		{B2DCC9A7-211F-42E8-80B6-A313967E7871}.Debug|Any CPU.ActiveCfg = Debug|Any CPU
		{B2DCC9A7-211F-42E8-80B6-A313967E7871}.Debug|Any CPU.Build.0 = Debug|Any CPU
		{B2DCC9A7-211F-42E8-80B6-A313967E7871}.Release|Any CPU.ActiveCfg = Release|Any CPU
		{B2DCC9A7-211F-42E8-80B6-A313967E7871}.Release|Any CPU.Build.0 = Release|Any CPU
		{6366AFA1-54A6-4B15-A5F9-86ED12A920C7}.Debug|Any CPU.ActiveCfg = Debug|Any CPU
		{6366AFA1-54A6-4B15-A5F9-86ED12A920C7}.Debug|Any CPU.Build.0 = Debug|Any CPU
		{6366AFA1-54A6-4B15-A5F9-86ED12A920C7}.Release|Any CPU.ActiveCfg = Release|Any CPU
		{6366AFA1-54A6-4B15-A5F9-86ED12A920C7}.Release|Any CPU.Build.0 = Release|Any CPU
		{20189991-BFEF-4B1B-8C4E-CECC04A495DA}.Debug|Any CPU.ActiveCfg = Debug|Any CPU
		{20189991-BFEF-4B1B-8C4E-CECC04A495DA}.Debug|Any CPU.Build.0 = Debug|Any CPU
		{20189991-BFEF-4B1B-8C4E-CECC04A495DA}.Release|Any CPU.ActiveCfg = Release|Any CPU
		{20189991-BFEF-4B1B-8C4E-CECC04A495DA}.Release|Any CPU.Build.0 = Release|Any CPU
		{10D7C7C0-0343-4562-9FE6-CAEB00959D09}.Debug|Any CPU.ActiveCfg = Debug|Any CPU
		{10D7C7C0-0343-4562-9FE6-CAEB00959D09}.Debug|Any CPU.Build.0 = Debug|Any CPU
		{10D7C7C0-0343-4562-9FE6-CAEB00959D09}.Release|Any CPU.ActiveCfg = Release|Any CPU
		{10D7C7C0-0343-4562-9FE6-CAEB00959D09}.Release|Any CPU.Build.0 = Release|Any CPU
		{6CE222EE-3357-4E6A-9260-6881976995AB}.Debug|Any CPU.ActiveCfg = Debug|Any CPU
		{6CE222EE-3357-4E6A-9260-6881976995AB}.Debug|Any CPU.Build.0 = Debug|Any CPU
		{6CE222EE-3357-4E6A-9260-6881976995AB}.Release|Any CPU.ActiveCfg = Release|Any CPU
		{6CE222EE-3357-4E6A-9260-6881976995AB}.Release|Any CPU.Build.0 = Release|Any CPU
		{085DEA1A-41F7-4C0C-AF1C-7AF7E60C1B7C}.Debug|Any CPU.ActiveCfg = Debug|Any CPU
		{085DEA1A-41F7-4C0C-AF1C-7AF7E60C1B7C}.Debug|Any CPU.Build.0 = Debug|Any CPU
		{085DEA1A-41F7-4C0C-AF1C-7AF7E60C1B7C}.Release|Any CPU.ActiveCfg = Release|Any CPU
		{085DEA1A-41F7-4C0C-AF1C-7AF7E60C1B7C}.Release|Any CPU.Build.0 = Release|Any CPU
		{641D990D-D999-485D-B97D-56A0C211CF5D}.Debug|Any CPU.ActiveCfg = Debug|Any CPU
		{641D990D-D999-485D-B97D-56A0C211CF5D}.Debug|Any CPU.Build.0 = Debug|Any CPU
		{641D990D-D999-485D-B97D-56A0C211CF5D}.Release|Any CPU.ActiveCfg = Release|Any CPU
		{641D990D-D999-485D-B97D-56A0C211CF5D}.Release|Any CPU.Build.0 = Release|Any CPU
		{D9C092F3-E7E3-4BA6-B59A-E0919BC87375}.Debug|Any CPU.ActiveCfg = Debug|Any CPU
		{D9C092F3-E7E3-4BA6-B59A-E0919BC87375}.Debug|Any CPU.Build.0 = Debug|Any CPU
		{D9C092F3-E7E3-4BA6-B59A-E0919BC87375}.Release|Any CPU.ActiveCfg = Release|Any CPU
		{D9C092F3-E7E3-4BA6-B59A-E0919BC87375}.Release|Any CPU.Build.0 = Release|Any CPU
	EndGlobalSection
	GlobalSection(SolutionProperties) = preSolution
		HideSolutionNode = FALSE
	EndGlobalSection
EndGlobal
